{
  "meteor": {},
  "dependencies": {
    "basePackages": {
      "paypal": {},
      "bootstrap3-less": {},
      "template-animation-helper": {}
    },
    "packages": {
      "paypal": {
        "git": "https://github.com/DavidBrear/meteor-paypal.git",
        "tag": "v1.1.1",
        "commit": "eeff60449511f6caa0d0aaf433ea8a06b426858e"
      },
      "bootstrap3-less": {
        "git": "https://github.com/simison/bootstrap3-less",
        "tag": "v0.2.1",
        "commit": "dc94a51ed00d7de6d6f2b6d65107a876d849ad61"
      },
      "template-animation-helper": {
        "git": "https://github.com/frozeman/meteor-template-animation-helper.git",
        "tag": "v1.1.5",
        "commit": "bab74148777bc2f086118f18fffb4264930495c5"
      },
      "npm": {
        "git": "https://github.com/arunoda/meteor-npm.git",
        "tag": "v0.2.6",
        "commit": "177ab6118de5bf8cffb19481343d5762ff7a2aaf"
      }
    }
  }
}
